
Microsoft Visual Studio Solution File, Format Version 12.00
# Visual Studio Version 16
VisualStudioVersion = 16.0.30114.105
MinimumVisualStudioVersion = 10.0.40219.1
Project("{2150E333-8FDC-42A3-9474-1A3956D46DE8}") = "src", "src", "{CFC1B3F7-D676-4976-9AAE-618CCD97A41C}"
EndProject
Project("{FAE04EC0-301F-11D3-BF4B-00C04F79EFBC}") = "LinkFunction", "src\Function\LinkFunction.csproj", "{C9E43ABB-FE6B-4C8F-8E8E-6E1356A6ECD9}"
EndProject
Project("{FAE04EC0-301F-11D3-BF4B-00C04F79EFBC}") = "Admin", "src\Admin\Admin.csproj", "{7F375D3D-40D1-4838-9A87-950E53376956}"
EndProject
Project("{FAE04EC0-301F-11D3-BF4B-00C04F79EFBC}") = "CTF-Shared", "src\Shared\CTF-Shared.csproj", "{DF535CDD-DCF3-4E2D-B1BB-2BDD421AFCF5}"
EndProject
Global
	GlobalSection(SolutionConfigurationPlatforms) = preSolution
		Debug|Any CPU = Debug|Any CPU
		Debug|x64 = Debug|x64
		Debug|x86 = Debug|x86
		Release|Any CPU = Release|Any CPU
		Release|x64 = Release|x64
		Release|x86 = Release|x86
	EndGlobalSection
	GlobalSection(SolutionProperties) = preSolution
		HideSolutionNode = FALSE
	EndGlobalSection
	GlobalSection(ProjectConfigurationPlatforms) = postSolution
		{C9E43ABB-FE6B-4C8F-8E8E-6E1356A6ECD9}.Debug|Any CPU.ActiveCfg = Debug|Any CPU
		{C9E43ABB-FE6B-4C8F-8E8E-6E1356A6ECD9}.Debug|Any CPU.Build.0 = Debug|Any CPU
		{C9E43ABB-FE6B-4C8F-8E8E-6E1356A6ECD9}.Debug|x64.ActiveCfg = Debug|Any CPU
		{C9E43ABB-FE6B-4C8F-8E8E-6E1356A6ECD9}.Debug|x64.Build.0 = Debug|Any CPU
		{C9E43ABB-FE6B-4C8F-8E8E-6E1356A6ECD9}.Debug|x86.ActiveCfg = Debug|Any CPU
		{C9E43ABB-FE6B-4C8F-8E8E-6E1356A6ECD9}.Debug|x86.Build.0 = Debug|Any CPU
		{C9E43ABB-FE6B-4C8F-8E8E-6E1356A6ECD9}.Release|Any CPU.ActiveCfg = Release|Any CPU
		{C9E43ABB-FE6B-4C8F-8E8E-6E1356A6ECD9}.Release|Any CPU.Build.0 = Release|Any CPU
		{C9E43ABB-FE6B-4C8F-8E8E-6E1356A6ECD9}.Release|x64.ActiveCfg = Release|Any CPU
		{C9E43ABB-FE6B-4C8F-8E8E-6E1356A6ECD9}.Release|x64.Build.0 = Release|Any CPU
		{C9E43ABB-FE6B-4C8F-8E8E-6E1356A6ECD9}.Release|x86.ActiveCfg = Release|Any CPU
		{C9E43ABB-FE6B-4C8F-8E8E-6E1356A6ECD9}.Release|x86.Build.0 = Release|Any CPU
		{7F375D3D-40D1-4838-9A87-950E53376956}.Debug|Any CPU.ActiveCfg = Debug|Any CPU
		{7F375D3D-40D1-4838-9A87-950E53376956}.Debug|Any CPU.Build.0 = Debug|Any CPU
		{7F375D3D-40D1-4838-9A87-950E53376956}.Debug|x64.ActiveCfg = Debug|Any CPU
		{7F375D3D-40D1-4838-9A87-950E53376956}.Debug|x64.Build.0 = Debug|Any CPU
		{7F375D3D-40D1-4838-9A87-950E53376956}.Debug|x86.ActiveCfg = Debug|Any CPU
		{7F375D3D-40D1-4838-9A87-950E53376956}.Debug|x86.Build.0 = Debug|Any CPU
		{7F375D3D-40D1-4838-9A87-950E53376956}.Release|Any CPU.ActiveCfg = Release|Any CPU
		{7F375D3D-40D1-4838-9A87-950E53376956}.Release|Any CPU.Build.0 = Release|Any CPU
		{7F375D3D-40D1-4838-9A87-950E53376956}.Release|x64.ActiveCfg = Release|Any CPU
		{7F375D3D-40D1-4838-9A87-950E53376956}.Release|x64.Build.0 = Release|Any CPU
		{7F375D3D-40D1-4838-9A87-950E53376956}.Release|x86.ActiveCfg = Release|Any CPU
		{7F375D3D-40D1-4838-9A87-950E53376956}.Release|x86.Build.0 = Release|Any CPU
		{DF535CDD-DCF3-4E2D-B1BB-2BDD421AFCF5}.Debug|Any CPU.ActiveCfg = Debug|Any CPU
		{DF535CDD-DCF3-4E2D-B1BB-2BDD421AFCF5}.Debug|Any CPU.Build.0 = Debug|Any CPU
		{DF535CDD-DCF3-4E2D-B1BB-2BDD421AFCF5}.Debug|x64.ActiveCfg = Debug|Any CPU
		{DF535CDD-DCF3-4E2D-B1BB-2BDD421AFCF5}.Debug|x64.Build.0 = Debug|Any CPU
		{DF535CDD-DCF3-4E2D-B1BB-2BDD421AFCF5}.Debug|x86.ActiveCfg = Debug|Any CPU
		{DF535CDD-DCF3-4E2D-B1BB-2BDD421AFCF5}.Debug|x86.Build.0 = Debug|Any CPU
		{DF535CDD-DCF3-4E2D-B1BB-2BDD421AFCF5}.Release|Any CPU.ActiveCfg = Release|Any CPU
		{DF535CDD-DCF3-4E2D-B1BB-2BDD421AFCF5}.Release|Any CPU.Build.0 = Release|Any CPU
		{DF535CDD-DCF3-4E2D-B1BB-2BDD421AFCF5}.Release|x64.ActiveCfg = Release|Any CPU
		{DF535CDD-DCF3-4E2D-B1BB-2BDD421AFCF5}.Release|x64.Build.0 = Release|Any CPU
		{DF535CDD-DCF3-4E2D-B1BB-2BDD421AFCF5}.Release|x86.ActiveCfg = Release|Any CPU
		{DF535CDD-DCF3-4E2D-B1BB-2BDD421AFCF5}.Release|x86.Build.0 = Release|Any CPU
	EndGlobalSection
	GlobalSection(NestedProjects) = preSolution
		{C9E43ABB-FE6B-4C8F-8E8E-6E1356A6ECD9} = {CFC1B3F7-D676-4976-9AAE-618CCD97A41C}
		{7F375D3D-40D1-4838-9A87-950E53376956} = {CFC1B3F7-D676-4976-9AAE-618CCD97A41C}
		{DF535CDD-DCF3-4E2D-B1BB-2BDD421AFCF5} = {CFC1B3F7-D676-4976-9AAE-618CCD97A41C}
	EndGlobalSection
EndGlobal
